
Microsoft Visual Studio Solution File, Format Version 12.00
# Visual Studio Version 16
VisualStudioVersion = 16.0.31729.503
MinimumVisualStudioVersion = 10.0.40219.1
Project("{FAE04EC0-301F-11D3-BF4B-00C04F79EFBC}") = "Matrices", "Matrices\Matrices.csproj", "{77E7606E-C1AF-4E20-99F7-80EA6B2129D7}"
EndProject
Global
	GlobalSection(SolutionConfigurationPlatforms) = preSolution
		Debug|Any CPU = Debug|Any CPU
		Release|Any CPU = Release|Any CPU
	EndGlobalSection
	GlobalSection(ProjectConfigurationPlatforms) = postSolution
		{77E7606E-C1AF-4E20-99F7-80EA6B2129D7}.Debug|Any CPU.ActiveCfg = Debug|Any CPU
		{77E7606E-C1AF-4E20-99F7-80EA6B2129D7}.Debug|Any CPU.Build.0 = Debug|Any CPU
		{77E7606E-C1AF-4E20-99F7-80EA6B2129D7}.Release|Any CPU.ActiveCfg = Release|Any CPU
		{77E7606E-C1AF-4E20-99F7-80EA6B2129D7}.Release|Any CPU.Build.0 = Release|Any CPU
	EndGlobalSection
	GlobalSection(SolutionProperties) = preSolution
		HideSolutionNode = FALSE
	EndGlobalSection
	GlobalSection(ExtensibilityGlobals) = postSolution
		SolutionGuid = {5C93702F-BE8E-496C-BEC6-20D20DFDD699}
	EndGlobalSection
EndGlobal
